
Microsoft Visual Studio Solution File, Format Version 12.00
# Visual Studio Version 17
VisualStudioVersion = 17.1.32228.430
MinimumVisualStudioVersion = 10.0.40219.1
Project("{9A19103F-16F7-4668-BE54-9A1E7A4F7556}") = "CheckoutApi.WebApp", "CheckoutApi.WebApp\CheckoutApi.WebApp.csproj", "{967E16B0-DCD6-4E51-823A-395B087CA0FC}"
EndProject
Project("{9A19103F-16F7-4668-BE54-9A1E7A4F7556}") = "CheckoutApi.DataModels", "CheckoutApi.DataModels\CheckoutApi.DataModels.csproj", "{A5CA6B9B-8B19-4BA8-9EEA-24F8C26E31BE}"
EndProject
Project("{9A19103F-16F7-4668-BE54-9A1E7A4F7556}") = "CheckoutApi.DataAccess", "CheckoutApi.DataAccess\CheckoutApi.DataAccess.csproj", "{1B33AACE-7EA8-43F8-A210-685DA591B214}"
EndProject
Project("{9A19103F-16F7-4668-BE54-9A1E7A4F7556}") = "Checkout.Api.BussinessLogic", "Checkout.Api.BussinessLogic\Checkout.Api.BussinessLogic.csproj", "{9E83E623-C652-4F6E-9964-DDA91EB5B795}"
EndProject
Project("{FAE04EC0-301F-11D3-BF4B-00C04F79EFBC}") = "CheckoutApi.Shared", "CheckoutApi.Shared\CheckoutApi.Shared.csproj", "{1FC36F30-E872-4311-94F5-1FDE70131583}"
EndProject
Global
	GlobalSection(SolutionConfigurationPlatforms) = preSolution
		Debug|Any CPU = Debug|Any CPU
		Release|Any CPU = Release|Any CPU
	EndGlobalSection
	GlobalSection(ProjectConfigurationPlatforms) = postSolution
		{967E16B0-DCD6-4E51-823A-395B087CA0FC}.Debug|Any CPU.ActiveCfg = Debug|Any CPU
		{967E16B0-DCD6-4E51-823A-395B087CA0FC}.Debug|Any CPU.Build.0 = Debug|Any CPU
		{967E16B0-DCD6-4E51-823A-395B087CA0FC}.Release|Any CPU.ActiveCfg = Release|Any CPU
		{967E16B0-DCD6-4E51-823A-395B087CA0FC}.Release|Any CPU.Build.0 = Release|Any CPU
		{A5CA6B9B-8B19-4BA8-9EEA-24F8C26E31BE}.Debug|Any CPU.ActiveCfg = Debug|Any CPU
		{A5CA6B9B-8B19-4BA8-9EEA-24F8C26E31BE}.Debug|Any CPU.Build.0 = Debug|Any CPU
		{A5CA6B9B-8B19-4BA8-9EEA-24F8C26E31BE}.Release|Any CPU.ActiveCfg = Release|Any CPU
		{A5CA6B9B-8B19-4BA8-9EEA-24F8C26E31BE}.Release|Any CPU.Build.0 = Release|Any CPU
		{1B33AACE-7EA8-43F8-A210-685DA591B214}.Debug|Any CPU.ActiveCfg = Debug|Any CPU
		{1B33AACE-7EA8-43F8-A210-685DA591B214}.Debug|Any CPU.Build.0 = Debug|Any CPU
		{1B33AACE-7EA8-43F8-A210-685DA591B214}.Release|Any CPU.ActiveCfg = Release|Any CPU
		{1B33AACE-7EA8-43F8-A210-685DA591B214}.Release|Any CPU.Build.0 = Release|Any CPU
		{9E83E623-C652-4F6E-9964-DDA91EB5B795}.Debug|Any CPU.ActiveCfg = Debug|Any CPU
		{9E83E623-C652-4F6E-9964-DDA91EB5B795}.Debug|Any CPU.Build.0 = Debug|Any CPU
		{9E83E623-C652-4F6E-9964-DDA91EB5B795}.Release|Any CPU.ActiveCfg = Release|Any CPU
		{9E83E623-C652-4F6E-9964-DDA91EB5B795}.Release|Any CPU.Build.0 = Release|Any CPU
		{8E3BF6D7-CDFD-4AD9-8689-1ED67705DDCA}.Debug|Any CPU.ActiveCfg = Debug|Any CPU
		{8E3BF6D7-CDFD-4AD9-8689-1ED67705DDCA}.Debug|Any CPU.Build.0 = Debug|Any CPU
		{8E3BF6D7-CDFD-4AD9-8689-1ED67705DDCA}.Release|Any CPU.ActiveCfg = Release|Any CPU
		{8E3BF6D7-CDFD-4AD9-8689-1ED67705DDCA}.Release|Any CPU.Build.0 = Release|Any CPU
		{1FC36F30-E872-4311-94F5-1FDE70131583}.Debug|Any CPU.ActiveCfg = Debug|Any CPU
		{1FC36F30-E872-4311-94F5-1FDE70131583}.Debug|Any CPU.Build.0 = Debug|Any CPU
		{1FC36F30-E872-4311-94F5-1FDE70131583}.Release|Any CPU.ActiveCfg = Release|Any CPU
		{1FC36F30-E872-4311-94F5-1FDE70131583}.Release|Any CPU.Build.0 = Release|Any CPU
	EndGlobalSection
	GlobalSection(SolutionProperties) = preSolution
		HideSolutionNode = FALSE
	EndGlobalSection
	GlobalSection(ExtensibilityGlobals) = postSolution
		SolutionGuid = {59076C82-C822-4643-9F1A-A5FCBF0E6433}
	EndGlobalSection
EndGlobal
